
Microsoft Visual Studio Solution File, Format Version 12.00
# Visual Studio Version 16
VisualStudioVersion = 16.0.30114.105
MinimumVisualStudioVersion = 10.0.40219.1
Project("{2150E333-8FDC-42A3-9474-1A3956D46DE8}") = "src", "src", "{64284847-DD82-4616-82C7-B443DA3E6CB5}"
EndProject
Project("{F2A71F9B-5D33-465A-A702-920D77279786}") = "App", "src\App\App.fsproj", "{BBFE32B1-510B-4E60-BF84-8DA88C0E4D37}"
EndProject
Global
	GlobalSection(SolutionConfigurationPlatforms) = preSolution
		Debug|Any CPU = Debug|Any CPU
		Release|Any CPU = Release|Any CPU
	EndGlobalSection
	GlobalSection(SolutionProperties) = preSolution
		HideSolutionNode = FALSE
	EndGlobalSection
	GlobalSection(ProjectConfigurationPlatforms) = postSolution
		{BBFE32B1-510B-4E60-BF84-8DA88C0E4D37}.Debug|Any CPU.ActiveCfg = Debug|Any CPU
		{BBFE32B1-510B-4E60-BF84-8DA88C0E4D37}.Debug|Any CPU.Build.0 = Debug|Any CPU
		{BBFE32B1-510B-4E60-BF84-8DA88C0E4D37}.Release|Any CPU.ActiveCfg = Release|Any CPU
		{BBFE32B1-510B-4E60-BF84-8DA88C0E4D37}.Release|Any CPU.Build.0 = Release|Any CPU
	EndGlobalSection
	GlobalSection(NestedProjects) = preSolution
		{BBFE32B1-510B-4E60-BF84-8DA88C0E4D37} = {64284847-DD82-4616-82C7-B443DA3E6CB5}
	EndGlobalSection
EndGlobal
